{
  "name": "expo-casiopea",
  "lockfileVersion": 3,
  "requires": true,
  "packages": {
    "": {
      "dependencies": {
        "proxy-server": "^1.2.0"
      }
    },
    "node_modules/connected": {
      "version": "0.0.2",
      "resolved": "https://registry.npmjs.org/connected/-/connected-0.0.2.tgz",
      "integrity": "sha512-J8DB7618GkIYjc1RCxSdG3vffhhYRwHNEckjOGfwAbabQIMgKsL5c54IaWtisulEwoOEbEODEUak4kyJP2GJ/Q==",
      "license": "MIT"
    },
    "node_modules/create-servers": {
      "version": "1.3.2",
      "resolved": "https://registry.npmjs.org/create-servers/-/create-servers-1.3.2.tgz",
      "integrity": "sha512-64xPTdUu8ITNHhEcn3CwNS7pI2SIHUDQlG+OrevkGHOd1NZ8xEgPePvCh2PgicEHwAx0gPkWAt9bGPqS8FnzRg==",
      "license": "MIT",
      "dependencies": {
        "connected": "~0.0.2",
        "errs": "~0.3.0"
      }
    },
    "node_modules/errs": {
      "version": "0.3.2",
      "resolved": "https://registry.npmjs.org/errs/-/errs-0.3.2.tgz",
      "integrity": "sha512-r+/tydov04FSwTi+PrGd0IdY195Y1jZW2g27TJ+cErU8vvr9V4hHYxtRF8bMjv4zYEhap7wK7zBQ2i99LRo6kA==",
      "engines": {
        "node": ">= 0.4.0"
      }
    },
    "node_modules/eventemitter3": {
      "version": "4.0.7",
      "resolved": "https://registry.npmjs.org/eventemitter3/-/eventemitter3-4.0.7.tgz",
      "integrity": "sha512-8guHBZCwKnFhYdHr2ysuRWErTwhoN2X8XELRlrRwpmfeY2jjuUN4taQMsULKUVo1K4DvZl+0pgfyoysHxvmvEw==",
      "license": "MIT"
    },
    "node_modules/follow-redirects": {
      "version": "1.15.11",
      "resolved": "https://registry.npmjs.org/follow-redirects/-/follow-redirects-1.15.11.tgz",
      "integrity": "sha512-deG2P0JfjrTxl50XGCDyfI97ZGVCxIpfKYmfyrQ54n5FO/0gfIES8C/Psl6kWVDolizcaaxZJnTS0QSMxvnsBQ==",
      "funding": [
        {
          "type": "individual",
          "url": "https://github.com/sponsors/RubenVerborgh"
        }
      ],
      "license": "MIT",
      "engines": {
        "node": ">=4.0"
      },
      "peerDependenciesMeta": {
        "debug": {
          "optional": true
        }
      }
    },
    "node_modules/forwarded-for": {
      "version": "0.1.1",
      "resolved": "https://registry.npmjs.org/forwarded-for/-/forwarded-for-0.1.1.tgz",
      "integrity": "sha512-xajckSQUu05JVznloaKXZ2+Yz91T0l9tcf0JpkeLP3FTracbD+CujMinUnKbPRe8ejGgwOkIBDphq+lb1Jt1zw==",
      "license": "MIT"
    },
    "node_modules/http-proxy": {
      "version": "1.18.1",
      "resolved": "https://registry.npmjs.org/http-proxy/-/http-proxy-1.18.1.tgz",
      "integrity": "sha512-7mz/721AbnJwIVbnaSv1Cz3Am0ZLT/UBwkC92VlxhXv/k/BBQfM2fXElQNC27BVGr0uwUpplYPQM9LnaBMR5NQ==",
      "license": "MIT",
      "dependencies": {
        "eventemitter3": "^4.0.0",
        "follow-redirects": "^1.0.0",
        "requires-port": "^1.0.0"
      },
      "engines": {
        "node": ">=8.0.0"
      }
    },
    "node_modules/minimist": {
      "version": "1.1.3",
      "resolved": "https://registry.npmjs.org/minimist/-/minimist-1.1.3.tgz",
      "integrity": "sha512-2RbeLaM/Hbo9vJ1+iRrxzfDnX9108qb2m923U+s+Ot2eMey0IYGdSjzHmvtg2XsxoCuMnzOMw7qc573RvnLgwg==",
      "license": "MIT"
    },
    "node_modules/proxy-server": {
      "version": "1.2.0",
      "resolved": "https://registry.npmjs.org/proxy-server/-/proxy-server-1.2.0.tgz",
      "integrity": "sha512-wdojZXzaxbp0tHYOfD/yOZq4HNrlnvSIKJ6K2H18bjRBp28j66FHjL7na6zX9mCk+b7VKaty2TVxAU0WQoxb1Q==",
      "license": "MIT",
      "dependencies": {
        "create-servers": "~1.3.0",
        "forwarded-for": "~0.1.1",
        "http-proxy": "^1.9.0",
        "minimist": "~1.1.0"
      },
      "bin": {
        "proxy-server": "bin/cmd.js"
      }
    },
    "node_modules/requires-port": {
      "version": "1.0.0",
      "resolved": "https://registry.npmjs.org/requires-port/-/requires-port-1.0.0.tgz",
      "integrity": "sha512-KigOCHcocU3XODJxsu8i/j8T9tzT4adHiecwORRQ0ZZFcp7ahwXuRU1m+yuO90C5ZUyGeGfocHDI14M3L3yDAQ==",
      "license": "MIT"
    }
  }
}
